
Microsoft Visual Studio Solution File, Format Version 12.00
# Visual Studio Version 17
VisualStudioVersion = 17.2.32616.157
MinimumVisualStudioVersion = 10.0.40219.1
Project("{FAE04EC0-301F-11D3-BF4B-00C04F79EFBC}") = "01.BasicStackOperations", "01.BasicStackOperations\01.BasicStackOperations.csproj", "{976BC20F-2D72-4993-B6EC-24703A2FB67D}"
EndProject
Project("{FAE04EC0-301F-11D3-BF4B-00C04F79EFBC}") = "02. BasicQueueOperations", "02. BasicQueueOperations\02. BasicQueueOperations.csproj", "{199C43E3-A8A0-4C8B-92E0-3787D6024960}"
EndProject
Project("{FAE04EC0-301F-11D3-BF4B-00C04F79EFBC}") = "03.MaximumAndMinimumElement", "03.MaximumAndMinimumElement\03.MaximumAndMinimumElement.csproj", "{BFD18990-B74B-4B9E-B4D2-F84DA7B8A555}"
EndProject
Project("{FAE04EC0-301F-11D3-BF4B-00C04F79EFBC}") = "04.FastFood", "04.FastFood\04.FastFood.csproj", "{974E9880-EB13-4902-AD97-414CF04FFE64}"
EndProject
Project("{FAE04EC0-301F-11D3-BF4B-00C04F79EFBC}") = "05.FashionBoutique", "05.FashionBoutique\05.FashionBoutique.csproj", "{EBA5CB2A-6280-47B9-8A71-331574341E8A}"
EndProject
Project("{FAE04EC0-301F-11D3-BF4B-00C04F79EFBC}") = "06.SongsQueue", "06.SongsQueue\06.SongsQueue.csproj", "{06B8297D-40DC-406D-B16D-6995D51754DF}"
EndProject
Project("{FAE04EC0-301F-11D3-BF4B-00C04F79EFBC}") = "07.TruckTour", "07.TruckTour\07.TruckTour.csproj", "{FBBC44DC-C305-4D35-AB1D-6C28D85FCD05}"
EndProject
Global
	GlobalSection(SolutionConfigurationPlatforms) = preSolution
		Debug|Any CPU = Debug|Any CPU
		Release|Any CPU = Release|Any CPU
	EndGlobalSection
	GlobalSection(ProjectConfigurationPlatforms) = postSolution
		{976BC20F-2D72-4993-B6EC-24703A2FB67D}.Debug|Any CPU.ActiveCfg = Debug|Any CPU
		{976BC20F-2D72-4993-B6EC-24703A2FB67D}.Debug|Any CPU.Build.0 = Debug|Any CPU
		{976BC20F-2D72-4993-B6EC-24703A2FB67D}.Release|Any CPU.ActiveCfg = Release|Any CPU
		{976BC20F-2D72-4993-B6EC-24703A2FB67D}.Release|Any CPU.Build.0 = Release|Any CPU
		{199C43E3-A8A0-4C8B-92E0-3787D6024960}.Debug|Any CPU.ActiveCfg = Debug|Any CPU
		{199C43E3-A8A0-4C8B-92E0-3787D6024960}.Debug|Any CPU.Build.0 = Debug|Any CPU
		{199C43E3-A8A0-4C8B-92E0-3787D6024960}.Release|Any CPU.ActiveCfg = Release|Any CPU
		{199C43E3-A8A0-4C8B-92E0-3787D6024960}.Release|Any CPU.Build.0 = Release|Any CPU
		{BFD18990-B74B-4B9E-B4D2-F84DA7B8A555}.Debug|Any CPU.ActiveCfg = Debug|Any CPU
		{BFD18990-B74B-4B9E-B4D2-F84DA7B8A555}.Debug|Any CPU.Build.0 = Debug|Any CPU
		{BFD18990-B74B-4B9E-B4D2-F84DA7B8A555}.Release|Any CPU.ActiveCfg = Release|Any CPU
		{BFD18990-B74B-4B9E-B4D2-F84DA7B8A555}.Release|Any CPU.Build.0 = Release|Any CPU
		{974E9880-EB13-4902-AD97-414CF04FFE64}.Debug|Any CPU.ActiveCfg = Debug|Any CPU
		{974E9880-EB13-4902-AD97-414CF04FFE64}.Debug|Any CPU.Build.0 = Debug|Any CPU
		{974E9880-EB13-4902-AD97-414CF04FFE64}.Release|Any CPU.ActiveCfg = Release|Any CPU
		{974E9880-EB13-4902-AD97-414CF04FFE64}.Release|Any CPU.Build.0 = Release|Any CPU
		{EBA5CB2A-6280-47B9-8A71-331574341E8A}.Debug|Any CPU.ActiveCfg = Debug|Any CPU
		{EBA5CB2A-6280-47B9-8A71-331574341E8A}.Debug|Any CPU.Build.0 = Debug|Any CPU
		{EBA5CB2A-6280-47B9-8A71-331574341E8A}.Release|Any CPU.ActiveCfg = Release|Any CPU
		{EBA5CB2A-6280-47B9-8A71-331574341E8A}.Release|Any CPU.Build.0 = Release|Any CPU
		{06B8297D-40DC-406D-B16D-6995D51754DF}.Debug|Any CPU.ActiveCfg = Debug|Any CPU
		{06B8297D-40DC-406D-B16D-6995D51754DF}.Debug|Any CPU.Build.0 = Debug|Any CPU
		{06B8297D-40DC-406D-B16D-6995D51754DF}.Release|Any CPU.ActiveCfg = Release|Any CPU
		{06B8297D-40DC-406D-B16D-6995D51754DF}.Release|Any CPU.Build.0 = Release|Any CPU
		{FBBC44DC-C305-4D35-AB1D-6C28D85FCD05}.Debug|Any CPU.ActiveCfg = Debug|Any CPU
		{FBBC44DC-C305-4D35-AB1D-6C28D85FCD05}.Debug|Any CPU.Build.0 = Debug|Any CPU
		{FBBC44DC-C305-4D35-AB1D-6C28D85FCD05}.Release|Any CPU.ActiveCfg = Release|Any CPU
		{FBBC44DC-C305-4D35-AB1D-6C28D85FCD05}.Release|Any CPU.Build.0 = Release|Any CPU
	EndGlobalSection
	GlobalSection(SolutionProperties) = preSolution
		HideSolutionNode = FALSE
	EndGlobalSection
	GlobalSection(ExtensibilityGlobals) = postSolution
		SolutionGuid = {D08FF43F-F518-4DBD-91ED-F47FAB48A33A}
	EndGlobalSection
EndGlobal
