
Microsoft Visual Studio Solution File, Format Version 12.00
# Visual Studio Version 17
VisualStudioVersion = 17.4.33213.308
MinimumVisualStudioVersion = 10.0.40219.1
Project("{9A19103F-16F7-4668-BE54-9A1E7A4F7556}") = "GenericBoxOfString", "GenericBoxOfString\GenericBoxOfString.csproj", "{C9C652A2-C6FC-4C0B-8AB5-8B6036E4AF68}"
EndProject
Project("{9A19103F-16F7-4668-BE54-9A1E7A4F7556}") = "GenericBoxOfInteger", "GenericBoxOfInteger\GenericBoxOfInteger.csproj", "{7D99E195-A5CA-4BFC-9645-5F1EDB778272}"
EndProject
Project("{9A19103F-16F7-4668-BE54-9A1E7A4F7556}") = "GenericSwapMethodString", "GenericSwapMethodString\GenericSwapMethodString.csproj", "{28C0D7D7-D55F-4854-813A-25891B304621}"
EndProject
Project("{9A19103F-16F7-4668-BE54-9A1E7A4F7556}") = "GenericSwapMethodInteger", "GenericSwapMethodInteger\GenericSwapMethodInteger.csproj", "{E8E6D8F9-6B03-4622-A770-31830D235257}"
EndProject
Project("{9A19103F-16F7-4668-BE54-9A1E7A4F7556}") = "GenericGetCountMethod", "GenericGetCountMethod\GenericGetCountMethod.csproj", "{67BBE0F2-13EE-42C0-BF59-ABCE7EA7A247}"
EndProject
Project("{9A19103F-16F7-4668-BE54-9A1E7A4F7556}") = "GenericGetCountMethodDouble", "GenericGetCountMethodDouble\GenericGetCountMethodDouble.csproj", "{4CF5D281-F57A-4661-8157-708D6B660A4A}"
EndProject
Project("{9A19103F-16F7-4668-BE54-9A1E7A4F7556}") = "Tuple", "Tuple\Tuple.csproj", "{37C5C1F8-E37C-48A1-8E87-E298BC994068}"
EndProject
Project("{FAE04EC0-301F-11D3-BF4B-00C04F79EFBC}") = "Threeuple", "Threeuple\Threeuple.csproj", "{54067307-2FA3-4743-BFAC-1D9CC73DF079}"
EndProject
Global
	GlobalSection(SolutionConfigurationPlatforms) = preSolution
		Debug|Any CPU = Debug|Any CPU
		Release|Any CPU = Release|Any CPU
	EndGlobalSection
	GlobalSection(ProjectConfigurationPlatforms) = postSolution
		{C9C652A2-C6FC-4C0B-8AB5-8B6036E4AF68}.Debug|Any CPU.ActiveCfg = Debug|Any CPU
		{C9C652A2-C6FC-4C0B-8AB5-8B6036E4AF68}.Debug|Any CPU.Build.0 = Debug|Any CPU
		{C9C652A2-C6FC-4C0B-8AB5-8B6036E4AF68}.Release|Any CPU.ActiveCfg = Release|Any CPU
		{C9C652A2-C6FC-4C0B-8AB5-8B6036E4AF68}.Release|Any CPU.Build.0 = Release|Any CPU
		{7D99E195-A5CA-4BFC-9645-5F1EDB778272}.Debug|Any CPU.ActiveCfg = Debug|Any CPU
		{7D99E195-A5CA-4BFC-9645-5F1EDB778272}.Debug|Any CPU.Build.0 = Debug|Any CPU
		{7D99E195-A5CA-4BFC-9645-5F1EDB778272}.Release|Any CPU.ActiveCfg = Release|Any CPU
		{7D99E195-A5CA-4BFC-9645-5F1EDB778272}.Release|Any CPU.Build.0 = Release|Any CPU
		{28C0D7D7-D55F-4854-813A-25891B304621}.Debug|Any CPU.ActiveCfg = Debug|Any CPU
		{28C0D7D7-D55F-4854-813A-25891B304621}.Debug|Any CPU.Build.0 = Debug|Any CPU
		{28C0D7D7-D55F-4854-813A-25891B304621}.Release|Any CPU.ActiveCfg = Release|Any CPU
		{28C0D7D7-D55F-4854-813A-25891B304621}.Release|Any CPU.Build.0 = Release|Any CPU
		{E8E6D8F9-6B03-4622-A770-31830D235257}.Debug|Any CPU.ActiveCfg = Debug|Any CPU
		{E8E6D8F9-6B03-4622-A770-31830D235257}.Debug|Any CPU.Build.0 = Debug|Any CPU
		{E8E6D8F9-6B03-4622-A770-31830D235257}.Release|Any CPU.ActiveCfg = Release|Any CPU
		{E8E6D8F9-6B03-4622-A770-31830D235257}.Release|Any CPU.Build.0 = Release|Any CPU
		{67BBE0F2-13EE-42C0-BF59-ABCE7EA7A247}.Debug|Any CPU.ActiveCfg = Debug|Any CPU
		{67BBE0F2-13EE-42C0-BF59-ABCE7EA7A247}.Debug|Any CPU.Build.0 = Debug|Any CPU
		{67BBE0F2-13EE-42C0-BF59-ABCE7EA7A247}.Release|Any CPU.ActiveCfg = Release|Any CPU
		{67BBE0F2-13EE-42C0-BF59-ABCE7EA7A247}.Release|Any CPU.Build.0 = Release|Any CPU
		{4CF5D281-F57A-4661-8157-708D6B660A4A}.Debug|Any CPU.ActiveCfg = Debug|Any CPU
		{4CF5D281-F57A-4661-8157-708D6B660A4A}.Debug|Any CPU.Build.0 = Debug|Any CPU
		{4CF5D281-F57A-4661-8157-708D6B660A4A}.Release|Any CPU.ActiveCfg = Release|Any CPU
		{4CF5D281-F57A-4661-8157-708D6B660A4A}.Release|Any CPU.Build.0 = Release|Any CPU
		{37C5C1F8-E37C-48A1-8E87-E298BC994068}.Debug|Any CPU.ActiveCfg = Debug|Any CPU
		{37C5C1F8-E37C-48A1-8E87-E298BC994068}.Debug|Any CPU.Build.0 = Debug|Any CPU
		{37C5C1F8-E37C-48A1-8E87-E298BC994068}.Release|Any CPU.ActiveCfg = Release|Any CPU
		{37C5C1F8-E37C-48A1-8E87-E298BC994068}.Release|Any CPU.Build.0 = Release|Any CPU
		{54067307-2FA3-4743-BFAC-1D9CC73DF079}.Debug|Any CPU.ActiveCfg = Debug|Any CPU
		{54067307-2FA3-4743-BFAC-1D9CC73DF079}.Debug|Any CPU.Build.0 = Debug|Any CPU
		{54067307-2FA3-4743-BFAC-1D9CC73DF079}.Release|Any CPU.ActiveCfg = Release|Any CPU
		{54067307-2FA3-4743-BFAC-1D9CC73DF079}.Release|Any CPU.Build.0 = Release|Any CPU
	EndGlobalSection
	GlobalSection(SolutionProperties) = preSolution
		HideSolutionNode = FALSE
	EndGlobalSection
	GlobalSection(ExtensibilityGlobals) = postSolution
		SolutionGuid = {28DB7369-6444-442A-AF6C-434C33F92E47}
	EndGlobalSection
EndGlobal
