
Microsoft Visual Studio Solution File, Format Version 12.00
# Visual Studio Version 17
VisualStudioVersion = 17.4.33213.308
MinimumVisualStudioVersion = 10.0.40219.1
Project("{9A19103F-16F7-4668-BE54-9A1E7A4F7556}") = "ComputerArchitecture", "ComputerArchitecture.csproj", "{2BA41673-A936-4D9A-9468-39702B316F10}"
EndProject
Global
	GlobalSection(SolutionConfigurationPlatforms) = preSolution
		Debug|Any CPU = Debug|Any CPU
		Release|Any CPU = Release|Any CPU
	EndGlobalSection
	GlobalSection(ProjectConfigurationPlatforms) = postSolution
		{2BA41673-A936-4D9A-9468-39702B316F10}.Debug|Any CPU.ActiveCfg = Debug|Any CPU
		{2BA41673-A936-4D9A-9468-39702B316F10}.Debug|Any CPU.Build.0 = Debug|Any CPU
		{2BA41673-A936-4D9A-9468-39702B316F10}.Release|Any CPU.ActiveCfg = Release|Any CPU
		{2BA41673-A936-4D9A-9468-39702B316F10}.Release|Any CPU.Build.0 = Release|Any CPU
	EndGlobalSection
	GlobalSection(SolutionProperties) = preSolution
		HideSolutionNode = FALSE
	EndGlobalSection
	GlobalSection(ExtensibilityGlobals) = postSolution
		SolutionGuid = {F2EC1115-E0A8-404B-A8F2-44FF16A965E6}
	EndGlobalSection
EndGlobal
